
Microsoft Visual Studio Solution File, Format Version 12.00
# Visual Studio Version 17
VisualStudioVersion = 17.12.35527.113
MinimumVisualStudioVersion = 10.0.40219.1
Project("{FAE04EC0-301F-11D3-BF4B-00C04F79EFBC}") = "SerializationPractice", "SerializationPractice\SerializationPractice.csproj", "{6981BEBE-EB46-4A90-8E36-1A3E0874B459}"
EndProject
Project("{FAE04EC0-301F-11D3-BF4B-00C04F79EFBC}") = "20250625_Task2", "20250625_Task2\20250625_Task2.csproj", "{ADD599BA-FEC6-4CD5-A77F-5423DDD222DB}"
EndProject
Global
	GlobalSection(SolutionConfigurationPlatforms) = preSolution
		Debug|Any CPU = Debug|Any CPU
		Release|Any CPU = Release|Any CPU
	EndGlobalSection
	GlobalSection(ProjectConfigurationPlatforms) = postSolution
		{6981BEBE-EB46-4A90-8E36-1A3E0874B459}.Debug|Any CPU.ActiveCfg = Debug|Any CPU
		{6981BEBE-EB46-4A90-8E36-1A3E0874B459}.Debug|Any CPU.Build.0 = Debug|Any CPU
		{6981BEBE-EB46-4A90-8E36-1A3E0874B459}.Release|Any CPU.ActiveCfg = Release|Any CPU
		{6981BEBE-EB46-4A90-8E36-1A3E0874B459}.Release|Any CPU.Build.0 = Release|Any CPU
		{ADD599BA-FEC6-4CD5-A77F-5423DDD222DB}.Debug|Any CPU.ActiveCfg = Debug|Any CPU
		{ADD599BA-FEC6-4CD5-A77F-5423DDD222DB}.Debug|Any CPU.Build.0 = Debug|Any CPU
		{ADD599BA-FEC6-4CD5-A77F-5423DDD222DB}.Release|Any CPU.ActiveCfg = Release|Any CPU
		{ADD599BA-FEC6-4CD5-A77F-5423DDD222DB}.Release|Any CPU.Build.0 = Release|Any CPU
	EndGlobalSection
	GlobalSection(SolutionProperties) = preSolution
		HideSolutionNode = FALSE
	EndGlobalSection
EndGlobal
